
Microsoft Visual Studio Solution File, Format Version 12.00
# Visual Studio Version 17
VisualStudioVersion = 17.9.34616.47
MinimumVisualStudioVersion = 10.0.40219.1
Project("{FAE04EC0-301F-11D3-BF4B-00C04F79EFBC}") = "Lesson21", "Lesson21\Lesson21.csproj", "{5D64F8C9-B198-4E25-888F-016F37895AE5}"
EndProject
Global
	GlobalSection(SolutionConfigurationPlatforms) = preSolution
		Debug|Any CPU = Debug|Any CPU
		Release|Any CPU = Release|Any CPU
	EndGlobalSection
	GlobalSection(ProjectConfigurationPlatforms) = postSolution
		{5D64F8C9-B198-4E25-888F-016F37895AE5}.Debug|Any CPU.ActiveCfg = Debug|Any CPU
		{5D64F8C9-B198-4E25-888F-016F37895AE5}.Debug|Any CPU.Build.0 = Debug|Any CPU
		{5D64F8C9-B198-4E25-888F-016F37895AE5}.Release|Any CPU.ActiveCfg = Release|Any CPU
		{5D64F8C9-B198-4E25-888F-016F37895AE5}.Release|Any CPU.Build.0 = Release|Any CPU
	EndGlobalSection
	GlobalSection(SolutionProperties) = preSolution
		HideSolutionNode = FALSE
	EndGlobalSection
	GlobalSection(ExtensibilityGlobals) = postSolution
		SolutionGuid = {82F4013C-42E8-4FFE-A6D0-DBF77011DCF5}
	EndGlobalSection
EndGlobal
